// !$*UTF8*$!
{
	archiveVersion = 1;
	classes = {
	};
	objectVersion = 56;
	objects = {

/* Begin PBXBuildFile section */
		05162EAE29CA3DA9007A7FB3 /* BotaoMenuInicialComponente.swift in Sources */ = {isa = PBXBuildFile; fileRef = 05162EAD29CA3DA9007A7FB3 /* BotaoMenuInicialComponente.swift */; };
		05162EB029CA3DCC007A7FB3 /* TelaInicialView.swift in Sources */ = {isa = PBXBuildFile; fileRef = 05162EAF29CA3DCC007A7FB3 /* TelaInicialView.swift */; };
		05162EBC29CCE12C007A7FB3 /* CarrosselComponente.swift in Sources */ = {isa = PBXBuildFile; fileRef = 05162EBB29CCE12C007A7FB3 /* CarrosselComponente.swift */; };
		05E7280C29CA1FBE007C7D72 /* TelaInicialViewModel.swift in Sources */ = {isa = PBXBuildFile; fileRef = 05E7280B29CA1FBE007C7D72 /* TelaInicialViewModel.swift */; };
		43910A3A29CE17BB00B1BBD8 /* CategoriaEscolhidaComponente.swift in Sources */ = {isa = PBXBuildFile; fileRef = 43910A3929CE17BB00B1BBD8 /* CategoriaEscolhidaComponente.swift */; };
		43910A3C29CE30C000B1BBD8 /* ConfirmarDesenhoView.swift in Sources */ = {isa = PBXBuildFile; fileRef = 43910A3B29CE30C000B1BBD8 /* ConfirmarDesenhoView.swift */; };
		43CF996E29CCDC1A00AF990C /* ModoCameraView.swift in Sources */ = {isa = PBXBuildFile; fileRef = 43CF996D29CCDC1A00AF990C /* ModoCameraView.swift */; };
		43CF997329CD4B8C00AF990C /* ModoCameraRepresentable.swift in Sources */ = {isa = PBXBuildFile; fileRef = 43CF997229CD4B8C00AF990C /* ModoCameraRepresentable.swift */; };
		43CF997729CD4C3E00AF990C /* ModoCameraViewModel.swift in Sources */ = {isa = PBXBuildFile; fileRef = 43CF997629CD4C3E00AF990C /* ModoCameraViewModel.swift */; };
		BB7C6E8029C8FF9D0056BBD7 /* Mini_Challenge_3App.swift in Sources */ = {isa = PBXBuildFile; fileRef = BB7C6E7F29C8FF9D0056BBD7 /* Mini_Challenge_3App.swift */; };
		BB7C6E8429C8FF9E0056BBD7 /* Assets.xcassets in Resources */ = {isa = PBXBuildFile; fileRef = BB7C6E8329C8FF9E0056BBD7 /* Assets.xcassets */; };
		BB7C6E8729C8FF9E0056BBD7 /* Preview Assets.xcassets in Resources */ = {isa = PBXBuildFile; fileRef = BB7C6E8629C8FF9E0056BBD7 /* Preview Assets.xcassets */; };
		BB7C6E9129C8FF9E0056BBD7 /* Mini_Challenge_3Tests.swift in Sources */ = {isa = PBXBuildFile; fileRef = BB7C6E9029C8FF9E0056BBD7 /* Mini_Challenge_3Tests.swift */; };
		BB7C6EBA29CA26750056BBD7 /* Desenho.swift in Sources */ = {isa = PBXBuildFile; fileRef = BB7C6EB929CA26750056BBD7 /* Desenho.swift */; };
		BB7C6EBE29CA2D9D0056BBD7 /* CarregadorInfDesenho.swift in Sources */ = {isa = PBXBuildFile; fileRef = BB7C6EBD29CA2D9D0056BBD7 /* CarregadorInfDesenho.swift */; };
		BB7C6EC329CA2FCC0056BBD7 /* InfDesenho.swift in Sources */ = {isa = PBXBuildFile; fileRef = BB7C6EC229CA2FCC0056BBD7 /* InfDesenho.swift */; };
		BB7C6EC529CA300D0056BBD7 /* Categoria.swift in Sources */ = {isa = PBXBuildFile; fileRef = BB7C6EC429CA300D0056BBD7 /* Categoria.swift */; };
		BB7C6EC629CA441A0056BBD7 /* InfDesenhoJSON.json in Resources */ = {isa = PBXBuildFile; fileRef = BB7C6EBF29CA2DD50056BBD7 /* InfDesenhoJSON.json */; };
		BB7C6EC829CB95AC0056BBD7 /* BotaoImportarImagemComponente.swift in Sources */ = {isa = PBXBuildFile; fileRef = BB7C6EC729CB95AC0056BBD7 /* BotaoImportarImagemComponente.swift */; };
		BB7C6ECB29CB9AC90056BBD7 /* NossosDesenhosViewModel.swift in Sources */ = {isa = PBXBuildFile; fileRef = BB7C6ECA29CB9AC90056BBD7 /* NossosDesenhosViewModel.swift */; };
		BB7C6ECD29CB9AD20056BBD7 /* NossosDesenhosView.swift in Sources */ = {isa = PBXBuildFile; fileRef = BB7C6ECC29CB9AD20056BBD7 /* NossosDesenhosView.swift */; };
		BB7C6F0529CCF1830056BBD7 /* SearchBarComponente.swift in Sources */ = {isa = PBXBuildFile; fileRef = BB7C6F0429CCF1830056BBD7 /* SearchBarComponente.swift */; };
		BB7C6F0729CE1ABA0056BBD7 /* FiltroNossosDesenhosComponente.swift in Sources */ = {isa = PBXBuildFile; fileRef = BB7C6F0629CE1ABA0056BBD7 /* FiltroNossosDesenhosComponente.swift */; };
		BB7C6F0A29D2487E0056BBD7 /* ConfirmarDesenhoViewModel.swift in Sources */ = {isa = PBXBuildFile; fileRef = BB7C6F0929D2487E0056BBD7 /* ConfirmarDesenhoViewModel.swift */; };
/* End PBXBuildFile section */

/* Begin PBXContainerItemProxy section */
		BB7C6E8D29C8FF9E0056BBD7 /* PBXContainerItemProxy */ = {
			isa = PBXContainerItemProxy;
			containerPortal = BB7C6E7429C8FF9D0056BBD7 /* Project object */;
			proxyType = 1;
			remoteGlobalIDString = BB7C6E7B29C8FF9D0056BBD7;
			remoteInfo = "Mini_Challenge-3";
		};
/* End PBXContainerItemProxy section */

/* Begin PBXFileReference section */
		05162EAD29CA3DA9007A7FB3 /* BotaoMenuInicialComponente.swift */ = {isa = PBXFileReference; lastKnownFileType = sourcecode.swift; path = BotaoMenuInicialComponente.swift; sourceTree = "<group>"; };
		05162EAF29CA3DCC007A7FB3 /* TelaInicialView.swift */ = {isa = PBXFileReference; lastKnownFileType = sourcecode.swift; path = TelaInicialView.swift; sourceTree = "<group>"; };
		05162EBB29CCE12C007A7FB3 /* CarrosselComponente.swift */ = {isa = PBXFileReference; lastKnownFileType = sourcecode.swift; path = CarrosselComponente.swift; sourceTree = "<group>"; };
		05E7280B29CA1FBE007C7D72 /* TelaInicialViewModel.swift */ = {isa = PBXFileReference; lastKnownFileType = sourcecode.swift; path = TelaInicialViewModel.swift; sourceTree = "<group>"; };
		43910A3929CE17BB00B1BBD8 /* CategoriaEscolhidaComponente.swift */ = {isa = PBXFileReference; lastKnownFileType = sourcecode.swift; path = CategoriaEscolhidaComponente.swift; sourceTree = "<group>"; };
		43910A3B29CE30C000B1BBD8 /* ConfirmarDesenhoView.swift */ = {isa = PBXFileReference; lastKnownFileType = sourcecode.swift; path = ConfirmarDesenhoView.swift; sourceTree = "<group>"; };
		43CF996D29CCDC1A00AF990C /* ModoCameraView.swift */ = {isa = PBXFileReference; lastKnownFileType = sourcecode.swift; path = ModoCameraView.swift; sourceTree = "<group>"; };
		43CF997229CD4B8C00AF990C /* ModoCameraRepresentable.swift */ = {isa = PBXFileReference; lastKnownFileType = sourcecode.swift; path = ModoCameraRepresentable.swift; sourceTree = "<group>"; };
		43CF997629CD4C3E00AF990C /* ModoCameraViewModel.swift */ = {isa = PBXFileReference; lastKnownFileType = sourcecode.swift; path = ModoCameraViewModel.swift; sourceTree = "<group>"; };
		BB7C6E7C29C8FF9D0056BBD7 /* Mini_Challenge-3.app */ = {isa = PBXFileReference; explicitFileType = wrapper.application; includeInIndex = 0; path = "Mini_Challenge-3.app"; sourceTree = BUILT_PRODUCTS_DIR; };
		BB7C6E7F29C8FF9D0056BBD7 /* Mini_Challenge_3App.swift */ = {isa = PBXFileReference; lastKnownFileType = sourcecode.swift; path = Mini_Challenge_3App.swift; sourceTree = "<group>"; };
		BB7C6E8329C8FF9E0056BBD7 /* Assets.xcassets */ = {isa = PBXFileReference; lastKnownFileType = folder.assetcatalog; path = Assets.xcassets; sourceTree = "<group>"; };
		BB7C6E8629C8FF9E0056BBD7 /* Preview Assets.xcassets */ = {isa = PBXFileReference; lastKnownFileType = folder.assetcatalog; path = "Preview Assets.xcassets"; sourceTree = "<group>"; };
		BB7C6E8C29C8FF9E0056BBD7 /* Mini_Challenge-3Tests.xctest */ = {isa = PBXFileReference; explicitFileType = wrapper.cfbundle; includeInIndex = 0; path = "Mini_Challenge-3Tests.xctest"; sourceTree = BUILT_PRODUCTS_DIR; };
		BB7C6E9029C8FF9E0056BBD7 /* Mini_Challenge_3Tests.swift */ = {isa = PBXFileReference; lastKnownFileType = sourcecode.swift; path = Mini_Challenge_3Tests.swift; sourceTree = "<group>"; };
		BB7C6EB929CA26750056BBD7 /* Desenho.swift */ = {isa = PBXFileReference; lastKnownFileType = sourcecode.swift; path = Desenho.swift; sourceTree = "<group>"; };
		BB7C6EBD29CA2D9D0056BBD7 /* CarregadorInfDesenho.swift */ = {isa = PBXFileReference; lastKnownFileType = sourcecode.swift; path = CarregadorInfDesenho.swift; sourceTree = "<group>"; };
		BB7C6EBF29CA2DD50056BBD7 /* InfDesenhoJSON.json */ = {isa = PBXFileReference; lastKnownFileType = text.json; path = InfDesenhoJSON.json; sourceTree = "<group>"; };
		BB7C6EC229CA2FCC0056BBD7 /* InfDesenho.swift */ = {isa = PBXFileReference; lastKnownFileType = sourcecode.swift; path = InfDesenho.swift; sourceTree = "<group>"; };
		BB7C6EC429CA300D0056BBD7 /* Categoria.swift */ = {isa = PBXFileReference; lastKnownFileType = sourcecode.swift; path = Categoria.swift; sourceTree = "<group>"; };
		BB7C6EC729CB95AC0056BBD7 /* BotaoImportarImagemComponente.swift */ = {isa = PBXFileReference; lastKnownFileType = sourcecode.swift; path = BotaoImportarImagemComponente.swift; sourceTree = "<group>"; };
		BB7C6ECA29CB9AC90056BBD7 /* NossosDesenhosViewModel.swift */ = {isa = PBXFileReference; lastKnownFileType = sourcecode.swift; path = NossosDesenhosViewModel.swift; sourceTree = "<group>"; };
		BB7C6ECC29CB9AD20056BBD7 /* NossosDesenhosView.swift */ = {isa = PBXFileReference; lastKnownFileType = sourcecode.swift; path = NossosDesenhosView.swift; sourceTree = "<group>"; };
		BB7C6F0429CCF1830056BBD7 /* SearchBarComponente.swift */ = {isa = PBXFileReference; lastKnownFileType = sourcecode.swift; path = SearchBarComponente.swift; sourceTree = "<group>"; };
		BB7C6F0629CE1ABA0056BBD7 /* FiltroNossosDesenhosComponente.swift */ = {isa = PBXFileReference; lastKnownFileType = sourcecode.swift; path = FiltroNossosDesenhosComponente.swift; sourceTree = "<group>"; };
		BB7C6F0929D2487E0056BBD7 /* ConfirmarDesenhoViewModel.swift */ = {isa = PBXFileReference; lastKnownFileType = sourcecode.swift; path = ConfirmarDesenhoViewModel.swift; sourceTree = "<group>"; };
/* End PBXFileReference section */

/* Begin PBXFrameworksBuildPhase section */
		BB7C6E7929C8FF9D0056BBD7 /* Frameworks */ = {
			isa = PBXFrameworksBuildPhase;
			buildActionMask = 2147483647;
			files = (
			);
			runOnlyForDeploymentPostprocessing = 0;
		};
		BB7C6E8929C8FF9E0056BBD7 /* Frameworks */ = {
			isa = PBXFrameworksBuildPhase;
			buildActionMask = 2147483647;
			files = (
			);
			runOnlyForDeploymentPostprocessing = 0;
		};
/* End PBXFrameworksBuildPhase section */

/* Begin PBXGroup section */
		05E7280D29CA1FD3007C7D72 /* TelaInicial */ = {
			isa = PBXGroup;
			children = (
				05162EAF29CA3DCC007A7FB3 /* TelaInicialView.swift */,
				05E7280B29CA1FBE007C7D72 /* TelaInicialViewModel.swift */,
			);
			path = TelaInicial;
			sourceTree = "<group>";
		};
		05E7280E29CA2130007C7D72 /* Componentes */ = {
			isa = PBXGroup;
			children = (
				BB7C6F0B29D36DF20056BBD7 /* ModoCamera */,
				BB7C6EC729CB95AC0056BBD7 /* BotaoImportarImagemComponente.swift */,
				43910A3929CE17BB00B1BBD8 /* CategoriaEscolhidaComponente.swift */,
				05162EBB29CCE12C007A7FB3 /* CarrosselComponente.swift */,
				05162EAD29CA3DA9007A7FB3 /* BotaoMenuInicialComponente.swift */,
				BB7C6F0429CCF1830056BBD7 /* SearchBarComponente.swift */,
				BB7C6F0629CE1ABA0056BBD7 /* FiltroNossosDesenhosComponente.swift */,
			);
			path = Componentes;
			sourceTree = "<group>";
		};
		BB7C6E7329C8FF9D0056BBD7 = {
			isa = PBXGroup;
			children = (
				BB7C6E7E29C8FF9D0056BBD7 /* Mini_Challenge-3 */,
				BB7C6E8F29C8FF9E0056BBD7 /* Mini_Challenge-3Tests */,
				BB7C6E7D29C8FF9D0056BBD7 /* Products */,
			);
			sourceTree = "<group>";
		};
		BB7C6E7D29C8FF9D0056BBD7 /* Products */ = {
			isa = PBXGroup;
			children = (
				BB7C6E7C29C8FF9D0056BBD7 /* Mini_Challenge-3.app */,
				BB7C6E8C29C8FF9E0056BBD7 /* Mini_Challenge-3Tests.xctest */,
			);
			name = Products;
			sourceTree = "<group>";
		};
		BB7C6E7E29C8FF9D0056BBD7 /* Mini_Challenge-3 */ = {
			isa = PBXGroup;
			children = (
				BB7C6EBB29CA2B8F0056BBD7 /* Source */,
				BB7C6EBC29CA2BB30056BBD7 /* Utils */,
				05E7280E29CA2130007C7D72 /* Componentes */,
				BB7C6EB829CA266A0056BBD7 /* Model */,
				BB7C6EAA29C900340056BBD7 /* View */,
				BB7C6E8529C8FF9E0056BBD7 /* Preview Content */,
				BB7C6E8329C8FF9E0056BBD7 /* Assets.xcassets */,
				BB7C6E7F29C8FF9D0056BBD7 /* Mini_Challenge_3App.swift */,
			);
			path = "Mini_Challenge-3";
			sourceTree = "<group>";
		};
		BB7C6E8529C8FF9E0056BBD7 /* Preview Content */ = {
			isa = PBXGroup;
			children = (
				BB7C6E8629C8FF9E0056BBD7 /* Preview Assets.xcassets */,
			);
			path = "Preview Content";
			sourceTree = "<group>";
		};
		BB7C6E8F29C8FF9E0056BBD7 /* Mini_Challenge-3Tests */ = {
			isa = PBXGroup;
			children = (
				BB7C6E9029C8FF9E0056BBD7 /* Mini_Challenge_3Tests.swift */,
			);
			path = "Mini_Challenge-3Tests";
			sourceTree = "<group>";
		};
		BB7C6EAA29C900340056BBD7 /* View */ = {
			isa = PBXGroup;
			children = (
				43CF996D29CCDC1A00AF990C /* ModoCameraView.swift */,
				05E7280D29CA1FD3007C7D72 /* TelaInicial */,
				BB7C6EC929CB9AA00056BBD7 /* NossosDesenhos */,
				BB7C6F0829D248400056BBD7 /* ConfirmarDesenho */,
			);
			path = View;
			sourceTree = "<group>";
		};
		BB7C6EB829CA266A0056BBD7 /* Model */ = {
			isa = PBXGroup;
			children = (
				BB7C6EC229CA2FCC0056BBD7 /* InfDesenho.swift */,
				BB7C6EC429CA300D0056BBD7 /* Categoria.swift */,
				BB7C6EB929CA26750056BBD7 /* Desenho.swift */,
			);
			path = Model;
			sourceTree = "<group>";
		};
		BB7C6EBB29CA2B8F0056BBD7 /* Source */ = {
			isa = PBXGroup;
			children = (
				BB7C6EBF29CA2DD50056BBD7 /* InfDesenhoJSON.json */,
			);
			path = Source;
			sourceTree = "<group>";
		};
		BB7C6EBC29CA2BB30056BBD7 /* Utils */ = {
			isa = PBXGroup;
			children = (
				BB7C6EBD29CA2D9D0056BBD7 /* CarregadorInfDesenho.swift */,
			);
			path = Utils;
			sourceTree = "<group>";
		};
		BB7C6EC929CB9AA00056BBD7 /* NossosDesenhos */ = {
			isa = PBXGroup;
			children = (
				BB7C6ECC29CB9AD20056BBD7 /* NossosDesenhosView.swift */,
				BB7C6ECA29CB9AC90056BBD7 /* NossosDesenhosViewModel.swift */,
			);
			path = NossosDesenhos;
			sourceTree = "<group>";
		};
		BB7C6F0829D248400056BBD7 /* ConfirmarDesenho */ = {
			isa = PBXGroup;
			children = (
				43910A3B29CE30C000B1BBD8 /* ConfirmarDesenhoView.swift */,
				BB7C6F0929D2487E0056BBD7 /* ConfirmarDesenhoViewModel.swift */,
			);
			path = ConfirmarDesenho;
			sourceTree = "<group>";
		};
		BB7C6F0B29D36DF20056BBD7 /* ModoCamera */ = {
			isa = PBXGroup;
			children = (
				43CF997229CD4B8C00AF990C /* ModoCameraRepresentable.swift */,
				43CF997629CD4C3E00AF990C /* ModoCameraViewModel.swift */,
			);
			path = ModoCamera;
			sourceTree = "<group>";
		};
/* End PBXGroup section */

/* Begin PBXNativeTarget section */
		BB7C6E7B29C8FF9D0056BBD7 /* Mini_Challenge-3 */ = {
			isa = PBXNativeTarget;
			buildConfigurationList = BB7C6EA029C8FF9E0056BBD7 /* Build configuration list for PBXNativeTarget "Mini_Challenge-3" */;
			buildPhases = (
				BB7C6E7829C8FF9D0056BBD7 /* Sources */,
				BB7C6E7929C8FF9D0056BBD7 /* Frameworks */,
				BB7C6E7A29C8FF9D0056BBD7 /* Resources */,
			);
			buildRules = (
			);
			dependencies = (
			);
			name = "Mini_Challenge-3";
			productName = "Mini_Challenge-3";
			productReference = BB7C6E7C29C8FF9D0056BBD7 /* Mini_Challenge-3.app */;
			productType = "com.apple.product-type.application";
		};
		BB7C6E8B29C8FF9E0056BBD7 /* Mini_Challenge-3Tests */ = {
			isa = PBXNativeTarget;
			buildConfigurationList = BB7C6EA329C8FF9E0056BBD7 /* Build configuration list for PBXNativeTarget "Mini_Challenge-3Tests" */;
			buildPhases = (
				BB7C6E8829C8FF9E0056BBD7 /* Sources */,
				BB7C6E8929C8FF9E0056BBD7 /* Frameworks */,
				BB7C6E8A29C8FF9E0056BBD7 /* Resources */,
			);
			buildRules = (
			);
			dependencies = (
				BB7C6E8E29C8FF9E0056BBD7 /* PBXTargetDependency */,
			);
			name = "Mini_Challenge-3Tests";
			productName = "Mini_Challenge-3Tests";
			productReference = BB7C6E8C29C8FF9E0056BBD7 /* Mini_Challenge-3Tests.xctest */;
			productType = "com.apple.product-type.bundle.unit-test";
		};
/* End PBXNativeTarget section */

/* Begin PBXProject section */
		BB7C6E7429C8FF9D0056BBD7 /* Project object */ = {
			isa = PBXProject;
			attributes = {
				BuildIndependentTargetsInParallel = 1;
				LastSwiftUpdateCheck = 1410;
				LastUpgradeCheck = 1410;
				TargetAttributes = {
					BB7C6E7B29C8FF9D0056BBD7 = {
						CreatedOnToolsVersion = 14.1;
					};
					BB7C6E8B29C8FF9E0056BBD7 = {
						CreatedOnToolsVersion = 14.1;
						TestTargetID = BB7C6E7B29C8FF9D0056BBD7;
					};
				};
			};
			buildConfigurationList = BB7C6E7729C8FF9D0056BBD7 /* Build configuration list for PBXProject "Mini_Challenge-3" */;
			compatibilityVersion = "Xcode 14.0";
			developmentRegion = en;
			hasScannedForEncodings = 0;
			knownRegions = (
				en,
				Base,
			);
			mainGroup = BB7C6E7329C8FF9D0056BBD7;
			productRefGroup = BB7C6E7D29C8FF9D0056BBD7 /* Products */;
			projectDirPath = "";
			projectRoot = "";
			targets = (
				BB7C6E7B29C8FF9D0056BBD7 /* Mini_Challenge-3 */,
				BB7C6E8B29C8FF9E0056BBD7 /* Mini_Challenge-3Tests */,
			);
		};
/* End PBXProject section */

/* Begin PBXResourcesBuildPhase section */
		BB7C6E7A29C8FF9D0056BBD7 /* Resources */ = {
			isa = PBXResourcesBuildPhase;
			buildActionMask = 2147483647;
			files = (
				BB7C6EC629CA441A0056BBD7 /* InfDesenhoJSON.json in Resources */,
				BB7C6E8729C8FF9E0056BBD7 /* Preview Assets.xcassets in Resources */,
				BB7C6E8429C8FF9E0056BBD7 /* Assets.xcassets in Resources */,
			);
			runOnlyForDeploymentPostprocessing = 0;
		};
		BB7C6E8A29C8FF9E0056BBD7 /* Resources */ = {
			isa = PBXResourcesBuildPhase;
			buildActionMask = 2147483647;
			files = (
			);
			runOnlyForDeploymentPostprocessing = 0;
		};
/* End PBXResourcesBuildPhase section */

/* Begin PBXSourcesBuildPhase section */
		BB7C6E7829C8FF9D0056BBD7 /* Sources */ = {
			isa = PBXSourcesBuildPhase;
			buildActionMask = 2147483647;
			files = (
				BB7C6EBA29CA26750056BBD7 /* Desenho.swift in Sources */,
				BB7C6EC329CA2FCC0056BBD7 /* InfDesenho.swift in Sources */,
				BB7C6EC829CB95AC0056BBD7 /* BotaoImportarImagemComponente.swift in Sources */,
				43910A3C29CE30C000B1BBD8 /* ConfirmarDesenhoView.swift in Sources */,
				05E7280C29CA1FBE007C7D72 /* TelaInicialViewModel.swift in Sources */,
				BB7C6ECD29CB9AD20056BBD7 /* NossosDesenhosView.swift in Sources */,
				BB7C6F0729CE1ABA0056BBD7 /* FiltroNossosDesenhosComponente.swift in Sources */,
				05162EB029CA3DCC007A7FB3 /* TelaInicialView.swift in Sources */,
				43910A3A29CE17BB00B1BBD8 /* CategoriaEscolhidaComponente.swift in Sources */,
				05162EAE29CA3DA9007A7FB3 /* BotaoMenuInicialComponente.swift in Sources */,
				BB7C6F0A29D2487E0056BBD7 /* ConfirmarDesenhoViewModel.swift in Sources */,
				BB7C6EBE29CA2D9D0056BBD7 /* CarregadorInfDesenho.swift in Sources */,
				05162EBC29CCE12C007A7FB3 /* CarrosselComponente.swift in Sources */,
				BB7C6E8029C8FF9D0056BBD7 /* Mini_Challenge_3App.swift in Sources */,
				BB7C6EC529CA300D0056BBD7 /* Categoria.swift in Sources */,
				BB7C6F0529CCF1830056BBD7 /* SearchBarComponente.swift in Sources */,
				BB7C6ECB29CB9AC90056BBD7 /* NossosDesenhosViewModel.swift in Sources */,
				43CF997329CD4B8C00AF990C /* ModoCameraRepresentable.swift in Sources */,
				BB7C6E8029C8FF9D0056BBD7 /* Mini_Challenge_3App.swift in Sources */,
				43CF997729CD4C3E00AF990C /* ModoCameraViewModel.swift in Sources */,
				43CF996E29CCDC1A00AF990C /* ModoCameraView.swift in Sources */,
			);
			runOnlyForDeploymentPostprocessing = 0;
		};
		BB7C6E8829C8FF9E0056BBD7 /* Sources */ = {
			isa = PBXSourcesBuildPhase;
			buildActionMask = 2147483647;
			files = (
				BB7C6E9129C8FF9E0056BBD7 /* Mini_Challenge_3Tests.swift in Sources */,
			);
			runOnlyForDeploymentPostprocessing = 0;
		};
/* End PBXSourcesBuildPhase section */

/* Begin PBXTargetDependency section */
		BB7C6E8E29C8FF9E0056BBD7 /* PBXTargetDependency */ = {
			isa = PBXTargetDependency;
			target = BB7C6E7B29C8FF9D0056BBD7 /* Mini_Challenge-3 */;
			targetProxy = BB7C6E8D29C8FF9E0056BBD7 /* PBXContainerItemProxy */;
		};
/* End PBXTargetDependency section */

/* Begin XCBuildConfiguration section */
		BB7C6E9E29C8FF9E0056BBD7 /* Debug */ = {
			isa = XCBuildConfiguration;
			buildSettings = {
				ALWAYS_SEARCH_USER_PATHS = NO;
				CLANG_ANALYZER_NONNULL = YES;
				CLANG_ANALYZER_NUMBER_OBJECT_CONVERSION = YES_AGGRESSIVE;
				CLANG_CXX_LANGUAGE_STANDARD = "gnu++20";
				CLANG_ENABLE_MODULES = YES;
				CLANG_ENABLE_OBJC_ARC = YES;
				CLANG_ENABLE_OBJC_WEAK = YES;
				CLANG_WARN_BLOCK_CAPTURE_AUTORELEASING = YES;
				CLANG_WARN_BOOL_CONVERSION = YES;
				CLANG_WARN_COMMA = YES;
				CLANG_WARN_CONSTANT_CONVERSION = YES;
				CLANG_WARN_DEPRECATED_OBJC_IMPLEMENTATIONS = YES;
				CLANG_WARN_DIRECT_OBJC_ISA_USAGE = YES_ERROR;
				CLANG_WARN_DOCUMENTATION_COMMENTS = YES;
				CLANG_WARN_EMPTY_BODY = YES;
				CLANG_WARN_ENUM_CONVERSION = YES;
				CLANG_WARN_INFINITE_RECURSION = YES;
				CLANG_WARN_INT_CONVERSION = YES;
				CLANG_WARN_NON_LITERAL_NULL_CONVERSION = YES;
				CLANG_WARN_OBJC_IMPLICIT_RETAIN_SELF = YES;
				CLANG_WARN_OBJC_LITERAL_CONVERSION = YES;
				CLANG_WARN_OBJC_ROOT_CLASS = YES_ERROR;
				CLANG_WARN_QUOTED_INCLUDE_IN_FRAMEWORK_HEADER = YES;
				CLANG_WARN_RANGE_LOOP_ANALYSIS = YES;
				CLANG_WARN_STRICT_PROTOTYPES = YES;
				CLANG_WARN_SUSPICIOUS_MOVE = YES;
				CLANG_WARN_UNGUARDED_AVAILABILITY = YES_AGGRESSIVE;
				CLANG_WARN_UNREACHABLE_CODE = YES;
				CLANG_WARN__DUPLICATE_METHOD_MATCH = YES;
				COPY_PHASE_STRIP = NO;
				DEBUG_INFORMATION_FORMAT = dwarf;
				ENABLE_STRICT_OBJC_MSGSEND = YES;
				ENABLE_TESTABILITY = YES;
				GCC_C_LANGUAGE_STANDARD = gnu11;
				GCC_DYNAMIC_NO_PIC = NO;
				GCC_NO_COMMON_BLOCKS = YES;
				GCC_OPTIMIZATION_LEVEL = 0;
				GCC_PREPROCESSOR_DEFINITIONS = (
					"DEBUG=1",
					"$(inherited)",
				);
				GCC_WARN_64_TO_32_BIT_CONVERSION = YES;
				GCC_WARN_ABOUT_RETURN_TYPE = YES_ERROR;
				GCC_WARN_UNDECLARED_SELECTOR = YES;
				GCC_WARN_UNINITIALIZED_AUTOS = YES_AGGRESSIVE;
				GCC_WARN_UNUSED_FUNCTION = YES;
				GCC_WARN_UNUSED_VARIABLE = YES;
				IPHONEOS_DEPLOYMENT_TARGET = 15.0;
				MTL_ENABLE_DEBUG_INFO = INCLUDE_SOURCE;
				MTL_FAST_MATH = YES;
				ONLY_ACTIVE_ARCH = YES;
				SDKROOT = iphoneos;
				SWIFT_ACTIVE_COMPILATION_CONDITIONS = DEBUG;
				SWIFT_OPTIMIZATION_LEVEL = "-Onone";
			};
			name = Debug;
		};
		BB7C6E9F29C8FF9E0056BBD7 /* Release */ = {
			isa = XCBuildConfiguration;
			buildSettings = {
				ALWAYS_SEARCH_USER_PATHS = NO;
				CLANG_ANALYZER_NONNULL = YES;
				CLANG_ANALYZER_NUMBER_OBJECT_CONVERSION = YES_AGGRESSIVE;
				CLANG_CXX_LANGUAGE_STANDARD = "gnu++20";
				CLANG_ENABLE_MODULES = YES;
				CLANG_ENABLE_OBJC_ARC = YES;
				CLANG_ENABLE_OBJC_WEAK = YES;
				CLANG_WARN_BLOCK_CAPTURE_AUTORELEASING = YES;
				CLANG_WARN_BOOL_CONVERSION = YES;
				CLANG_WARN_COMMA = YES;
				CLANG_WARN_CONSTANT_CONVERSION = YES;
				CLANG_WARN_DEPRECATED_OBJC_IMPLEMENTATIONS = YES;
				CLANG_WARN_DIRECT_OBJC_ISA_USAGE = YES_ERROR;
				CLANG_WARN_DOCUMENTATION_COMMENTS = YES;
				CLANG_WARN_EMPTY_BODY = YES;
				CLANG_WARN_ENUM_CONVERSION = YES;
				CLANG_WARN_INFINITE_RECURSION = YES;
				CLANG_WARN_INT_CONVERSION = YES;
				CLANG_WARN_NON_LITERAL_NULL_CONVERSION = YES;
				CLANG_WARN_OBJC_IMPLICIT_RETAIN_SELF = YES;
				CLANG_WARN_OBJC_LITERAL_CONVERSION = YES;
				CLANG_WARN_OBJC_ROOT_CLASS = YES_ERROR;
				CLANG_WARN_QUOTED_INCLUDE_IN_FRAMEWORK_HEADER = YES;
				CLANG_WARN_RANGE_LOOP_ANALYSIS = YES;
				CLANG_WARN_STRICT_PROTOTYPES = YES;
				CLANG_WARN_SUSPICIOUS_MOVE = YES;
				CLANG_WARN_UNGUARDED_AVAILABILITY = YES_AGGRESSIVE;
				CLANG_WARN_UNREACHABLE_CODE = YES;
				CLANG_WARN__DUPLICATE_METHOD_MATCH = YES;
				COPY_PHASE_STRIP = NO;
				DEBUG_INFORMATION_FORMAT = "dwarf-with-dsym";
				ENABLE_NS_ASSERTIONS = NO;
				ENABLE_STRICT_OBJC_MSGSEND = YES;
				GCC_C_LANGUAGE_STANDARD = gnu11;
				GCC_NO_COMMON_BLOCKS = YES;
				GCC_WARN_64_TO_32_BIT_CONVERSION = YES;
				GCC_WARN_ABOUT_RETURN_TYPE = YES_ERROR;
				GCC_WARN_UNDECLARED_SELECTOR = YES;
				GCC_WARN_UNINITIALIZED_AUTOS = YES_AGGRESSIVE;
				GCC_WARN_UNUSED_FUNCTION = YES;
				GCC_WARN_UNUSED_VARIABLE = YES;
				IPHONEOS_DEPLOYMENT_TARGET = 15.0;
				MTL_ENABLE_DEBUG_INFO = NO;
				MTL_FAST_MATH = YES;
				SDKROOT = iphoneos;
				SWIFT_COMPILATION_MODE = wholemodule;
				SWIFT_OPTIMIZATION_LEVEL = "-O";
				VALIDATE_PRODUCT = YES;
			};
			name = Release;
		};
		BB7C6EA129C8FF9E0056BBD7 /* Debug */ = {
			isa = XCBuildConfiguration;
			buildSettings = {
				ASSETCATALOG_COMPILER_APPICON_NAME = AppIcon;
				ASSETCATALOG_COMPILER_GLOBAL_ACCENT_COLOR_NAME = AccentColor;
				CODE_SIGN_STYLE = Automatic;
				CURRENT_PROJECT_VERSION = 1;
				DEVELOPMENT_ASSET_PATHS = "\"Mini_Challenge-3/Preview Content\"";
				DEVELOPMENT_TEAM = V32Q5HA7F8;
				ENABLE_PREVIEWS = YES;
				GENERATE_INFOPLIST_FILE = YES;
				INFOPLIST_KEY_NSCameraUsageDescription = "";
				INFOPLIST_KEY_UIApplicationSceneManifest_Generation = YES;
				INFOPLIST_KEY_UIApplicationSupportsIndirectInputEvents = YES;
				INFOPLIST_KEY_UILaunchScreen_Generation = YES;
				INFOPLIST_KEY_UISupportedInterfaceOrientations_iPad = "UIInterfaceOrientationPortrait UIInterfaceOrientationPortraitUpsideDown UIInterfaceOrientationLandscapeLeft UIInterfaceOrientationLandscapeRight";
				INFOPLIST_KEY_UISupportedInterfaceOrientations_iPhone = "UIInterfaceOrientationPortrait UIInterfaceOrientationLandscapeLeft UIInterfaceOrientationLandscapeRight";
				IPHONEOS_DEPLOYMENT_TARGET = 16.0;
				LD_RUNPATH_SEARCH_PATHS = (
					"$(inherited)",
					"@executable_path/Frameworks",
				);
				MARKETING_VERSION = 1.0;
				PRODUCT_BUNDLE_IDENTIFIER = "com.phsouza.Mini-Challenge-3";
				PRODUCT_NAME = "$(TARGET_NAME)";
				SWIFT_EMIT_LOC_STRINGS = YES;
				SWIFT_VERSION = 5.0;
				TARGETED_DEVICE_FAMILY = "1,2";
			};
			name = Debug;
		};
		BB7C6EA229C8FF9E0056BBD7 /* Release */ = {
			isa = XCBuildConfiguration;
			buildSettings = {
				ASSETCATALOG_COMPILER_APPICON_NAME = AppIcon;
				ASSETCATALOG_COMPILER_GLOBAL_ACCENT_COLOR_NAME = AccentColor;
				CODE_SIGN_STYLE = Automatic;
				CURRENT_PROJECT_VERSION = 1;
				DEVELOPMENT_ASSET_PATHS = "\"Mini_Challenge-3/Preview Content\"";
				DEVELOPMENT_TEAM = V32Q5HA7F8;
				ENABLE_PREVIEWS = YES;
				GENERATE_INFOPLIST_FILE = YES;
				INFOPLIST_KEY_NSCameraUsageDescription = "";
				INFOPLIST_KEY_UIApplicationSceneManifest_Generation = YES;
				INFOPLIST_KEY_UIApplicationSupportsIndirectInputEvents = YES;
				INFOPLIST_KEY_UILaunchScreen_Generation = YES;
				INFOPLIST_KEY_UISupportedInterfaceOrientations_iPad = "UIInterfaceOrientationPortrait UIInterfaceOrientationPortraitUpsideDown UIInterfaceOrientationLandscapeLeft UIInterfaceOrientationLandscapeRight";
				INFOPLIST_KEY_UISupportedInterfaceOrientations_iPhone = "UIInterfaceOrientationPortrait UIInterfaceOrientationLandscapeLeft UIInterfaceOrientationLandscapeRight";
				IPHONEOS_DEPLOYMENT_TARGET = 16.0;
				LD_RUNPATH_SEARCH_PATHS = (
					"$(inherited)",
					"@executable_path/Frameworks",
				);
				MARKETING_VERSION = 1.0;
				PRODUCT_BUNDLE_IDENTIFIER = "com.phsouza.Mini-Challenge-3";
				PRODUCT_NAME = "$(TARGET_NAME)";
				SWIFT_EMIT_LOC_STRINGS = YES;
				SWIFT_VERSION = 5.0;
				TARGETED_DEVICE_FAMILY = "1,2";
			};
			name = Release;
		};
		BB7C6EA429C8FF9E0056BBD7 /* Debug */ = {
			isa = XCBuildConfiguration;
			buildSettings = {
				ALWAYS_EMBED_SWIFT_STANDARD_LIBRARIES = YES;
				BUNDLE_LOADER = "$(TEST_HOST)";
				CODE_SIGN_STYLE = Automatic;
				CURRENT_PROJECT_VERSION = 1;
				DEVELOPMENT_TEAM = UFS93RKF34;
				GENERATE_INFOPLIST_FILE = YES;
				IPHONEOS_DEPLOYMENT_TARGET = 16.1;
				MARKETING_VERSION = 1.0;
				PRODUCT_BUNDLE_IDENTIFIER = "com.phsouza.Mini-Challenge-3Tests";
				PRODUCT_NAME = "$(TARGET_NAME)";
				SWIFT_EMIT_LOC_STRINGS = NO;
				SWIFT_VERSION = 5.0;
				TARGETED_DEVICE_FAMILY = "1,2";
				TEST_HOST = "$(BUILT_PRODUCTS_DIR)/Mini_Challenge-3.app/$(BUNDLE_EXECUTABLE_FOLDER_PATH)/Mini_Challenge-3";
			};
			name = Debug;
		};
		BB7C6EA529C8FF9E0056BBD7 /* Release */ = {
			isa = XCBuildConfiguration;
			buildSettings = {
				ALWAYS_EMBED_SWIFT_STANDARD_LIBRARIES = YES;
				BUNDLE_LOADER = "$(TEST_HOST)";
				CODE_SIGN_STYLE = Automatic;
				CURRENT_PROJECT_VERSION = 1;
				DEVELOPMENT_TEAM = UFS93RKF34;
				GENERATE_INFOPLIST_FILE = YES;
				IPHONEOS_DEPLOYMENT_TARGET = 16.1;
				MARKETING_VERSION = 1.0;
				PRODUCT_BUNDLE_IDENTIFIER = "com.phsouza.Mini-Challenge-3Tests";
				PRODUCT_NAME = "$(TARGET_NAME)";
				SWIFT_EMIT_LOC_STRINGS = NO;
				SWIFT_VERSION = 5.0;
				TARGETED_DEVICE_FAMILY = "1,2";
				TEST_HOST = "$(BUILT_PRODUCTS_DIR)/Mini_Challenge-3.app/$(BUNDLE_EXECUTABLE_FOLDER_PATH)/Mini_Challenge-3";
			};
			name = Release;
		};
/* End XCBuildConfiguration section */

/* Begin XCConfigurationList section */
		BB7C6E7729C8FF9D0056BBD7 /* Build configuration list for PBXProject "Mini_Challenge-3" */ = {
			isa = XCConfigurationList;
			buildConfigurations = (
				BB7C6E9E29C8FF9E0056BBD7 /* Debug */,
				BB7C6E9F29C8FF9E0056BBD7 /* Release */,
			);
			defaultConfigurationIsVisible = 0;
			defaultConfigurationName = Release;
		};
		BB7C6EA029C8FF9E0056BBD7 /* Build configuration list for PBXNativeTarget "Mini_Challenge-3" */ = {
			isa = XCConfigurationList;
			buildConfigurations = (
				BB7C6EA129C8FF9E0056BBD7 /* Debug */,
				BB7C6EA229C8FF9E0056BBD7 /* Release */,
			);
			defaultConfigurationIsVisible = 0;
			defaultConfigurationName = Release;
		};
		BB7C6EA329C8FF9E0056BBD7 /* Build configuration list for PBXNativeTarget "Mini_Challenge-3Tests" */ = {
			isa = XCConfigurationList;
			buildConfigurations = (
				BB7C6EA429C8FF9E0056BBD7 /* Debug */,
				BB7C6EA529C8FF9E0056BBD7 /* Release */,
			);
			defaultConfigurationIsVisible = 0;
			defaultConfigurationName = Release;
		};
/* End XCConfigurationList section */
	};
	rootObject = BB7C6E7429C8FF9D0056BBD7 /* Project object */;
}
